
Microsoft Visual Studio Solution File, Format Version 12.00
# Visual Studio Version 16
VisualStudioVersion = 16.0.29709.97
MinimumVisualStudioVersion = 10.0.40219.1
Project("{8BC9CEB8-8B4A-11D0-8D11-00A0C91BC942}") = "JocLabirint", "JocLabirint\JocLabirint.vcxproj", "{0BAF7EA5-F09B-493D-9233-0CAD549D6C14}"
EndProject
Global
	GlobalSection(SolutionConfigurationPlatforms) = preSolution
		Debug|x64 = Debug|x64
		Debug|x86 = Debug|x86
		Release|x64 = Release|x64
		Release|x86 = Release|x86
	EndGlobalSection
	GlobalSection(ProjectConfigurationPlatforms) = postSolution
		{0BAF7EA5-F09B-493D-9233-0CAD549D6C14}.Debug|x64.ActiveCfg = Debug|x64
		{0BAF7EA5-F09B-493D-9233-0CAD549D6C14}.Debug|x64.Build.0 = Debug|x64
		{0BAF7EA5-F09B-493D-9233-0CAD549D6C14}.Debug|x86.ActiveCfg = Debug|Win32
		{0BAF7EA5-F09B-493D-9233-0CAD549D6C14}.Debug|x86.Build.0 = Debug|Win32
		{0BAF7EA5-F09B-493D-9233-0CAD549D6C14}.Release|x64.ActiveCfg = Release|x64
		{0BAF7EA5-F09B-493D-9233-0CAD549D6C14}.Release|x64.Build.0 = Release|x64
		{0BAF7EA5-F09B-493D-9233-0CAD549D6C14}.Release|x86.ActiveCfg = Release|Win32
		{0BAF7EA5-F09B-493D-9233-0CAD549D6C14}.Release|x86.Build.0 = Release|Win32
	EndGlobalSection
	GlobalSection(SolutionProperties) = preSolution
		HideSolutionNode = FALSE
	EndGlobalSection
	GlobalSection(ExtensibilityGlobals) = postSolution
		SolutionGuid = {3B964CC2-C79C-44E0-8151-98667B56D1C0}
	EndGlobalSection
EndGlobal
